
Microsoft Visual Studio Solution File, Format Version 12.00
# Visual Studio Version 17
VisualStudioVersion = 17.8.34525.116
MinimumVisualStudioVersion = 10.0.40219.1
Project("{FAE04EC0-301F-11D3-BF4B-00C04F79EFBC}") = "GestaoDeLaboratorios", "GestaoDeLaboratorios.csproj", "{9E24BEBB-D487-40ED-AFB5-68E91EAFE645}"
EndProject
Global
	GlobalSection(SolutionConfigurationPlatforms) = preSolution
		Debug|Any CPU = Debug|Any CPU
		Release|Any CPU = Release|Any CPU
	EndGlobalSection
	GlobalSection(ProjectConfigurationPlatforms) = postSolution
		{9E24BEBB-D487-40ED-AFB5-68E91EAFE645}.Debug|Any CPU.ActiveCfg = Debug|Any CPU
		{9E24BEBB-D487-40ED-AFB5-68E91EAFE645}.Debug|Any CPU.Build.0 = Debug|Any CPU
		{9E24BEBB-D487-40ED-AFB5-68E91EAFE645}.Release|Any CPU.ActiveCfg = Release|Any CPU
		{9E24BEBB-D487-40ED-AFB5-68E91EAFE645}.Release|Any CPU.Build.0 = Release|Any CPU
	EndGlobalSection
	GlobalSection(SolutionProperties) = preSolution
		HideSolutionNode = FALSE
	EndGlobalSection
	GlobalSection(ExtensibilityGlobals) = postSolution
		SolutionGuid = {218725B3-ECED-4B29-87F1-8AB7AF31633E}
	EndGlobalSection
EndGlobal
